
Microsoft Visual Studio Solution File, Format Version 12.00
# Visual Studio 15
VisualStudioVersion = 15.0.28307.329
MinimumVisualStudioVersion = 10.0.40219.1
Project("{FAE04EC0-301F-11D3-BF4B-00C04F79EFBC}") = "GameBoyPngConverter", "GameBoyPngConverter\GameBoyPngConverter.csproj", "{74371E6D-5136-4339-BD96-E151AA2E64B1}"
EndProject
Global
	GlobalSection(SolutionConfigurationPlatforms) = preSolution
		Debug|Any CPU = Debug|Any CPU
		Release|Any CPU = Release|Any CPU
	EndGlobalSection
	GlobalSection(ProjectConfigurationPlatforms) = postSolution
		{74371E6D-5136-4339-BD96-E151AA2E64B1}.Debug|Any CPU.ActiveCfg = Debug|Any CPU
		{74371E6D-5136-4339-BD96-E151AA2E64B1}.Debug|Any CPU.Build.0 = Debug|Any CPU
		{74371E6D-5136-4339-BD96-E151AA2E64B1}.Release|Any CPU.ActiveCfg = Release|Any CPU
		{74371E6D-5136-4339-BD96-E151AA2E64B1}.Release|Any CPU.Build.0 = Release|Any CPU
	EndGlobalSection
	GlobalSection(SolutionProperties) = preSolution
		HideSolutionNode = FALSE
	EndGlobalSection
	GlobalSection(ExtensibilityGlobals) = postSolution
		SolutionGuid = {FBDDEF6B-0986-4275-BF18-85677FA41D84}
	EndGlobalSection
EndGlobal
